// !$*UTF8*$!
{
	archiveVersion = 1;
	classes = {
	};
	objectVersion = 46;
	objects = {

/* Begin PBXBuildFile section */
		D71C257B16385DB0008E7300 /* Foundation.framework in Frameworks */ = {isa = PBXBuildFile; fileRef = D71C257A16385DB0008E7300 /* Foundation.framework */; };
		D71C257E16385DB0008E7300 /* main.m in Sources */ = {isa = PBXBuildFile; fileRef = D71C257D16385DB0008E7300 /* main.m */; };
		D71C258916385EB7008E7300 /* SystemConfiguration.framework in Frameworks */ = {isa = PBXBuildFile; fileRef = D71C258816385EB7008E7300 /* SystemConfiguration.framework */; };
/* End PBXBuildFile section */

/* Begin PBXCopyFilesBuildPhase section */
		D71C257416385DB0008E7300 /* CopyFiles */ = {
			isa = PBXCopyFilesBuildPhase;
			buildActionMask = 2147483647;
			dstPath = /usr/share/man/man1/;
			dstSubfolderSpec = 0;
			files = (
			);
			runOnlyForDeploymentPostprocessing = 1;
		};
/* End PBXCopyFilesBuildPhase section */

/* Begin PBXFileReference section */
		D71C257616385DB0008E7300 /* NetworkMonitor */ = {isa = PBXFileReference; explicitFileType = "compiled.mach-o.executable"; includeInIndex = 0; path = NetworkMonitor; sourceTree = BUILT_PRODUCTS_DIR; };
		D71C257A16385DB0008E7300 /* Foundation.framework */ = {isa = PBXFileReference; lastKnownFileType = wrapper.framework; name = Foundation.framework; path = System/Library/Frameworks/Foundation.framework; sourceTree = SDKROOT; };
		D71C257D16385DB0008E7300 /* main.m */ = {isa = PBXFileReference; lastKnownFileType = sourcecode.c.objc; path = main.m; sourceTree = "<group>"; };
		D71C258816385EB7008E7300 /* SystemConfiguration.framework */ = {isa = PBXFileReference; lastKnownFileType = wrapper.framework; name = SystemConfiguration.framework; path = System/Library/Frameworks/SystemConfiguration.framework; sourceTree = SDKROOT; };
/* End PBXFileReference section */

/* Begin PBXFrameworksBuildPhase section */
		D71C257316385DB0008E7300 /* Frameworks */ = {
			isa = PBXFrameworksBuildPhase;
			buildActionMask = 2147483647;
			files = (
				D71C258916385EB7008E7300 /* SystemConfiguration.framework in Frameworks */,
				D71C257B16385DB0008E7300 /* Foundation.framework in Frameworks */,
			);
			runOnlyForDeploymentPostprocessing = 0;
		};
/* End PBXFrameworksBuildPhase section */

/* Begin PBXGroup section */
		D71C256B16385DB0008E7300 = {
			isa = PBXGroup;
			children = (
				D71C257C16385DB0008E7300 /* NetworkMonitor */,
				D71C257916385DB0008E7300 /* Frameworks */,
				D71C257716385DB0008E7300 /* Products */,
			);
			sourceTree = "<group>";
		};
		D71C257716385DB0008E7300 /* Products */ = {
			isa = PBXGroup;
			children = (
				D71C257616385DB0008E7300 /* NetworkMonitor */,
			);
			name = Products;
			sourceTree = "<group>";
		};
		D71C257916385DB0008E7300 /* Frameworks */ = {
			isa = PBXGroup;
			children = (
				D71C257A16385DB0008E7300 /* Foundation.framework */,
				D71C258816385EB7008E7300 /* SystemConfiguration.framework */,
			);
			name = Frameworks;
			sourceTree = "<group>";
		};
		D71C257C16385DB0008E7300 /* NetworkMonitor */ = {
			isa = PBXGroup;
			children = (
				D71C257D16385DB0008E7300 /* main.m */,
			);
			path = NetworkMonitor;
			sourceTree = "<group>";
		};
/* End PBXGroup section */

/* Begin PBXNativeTarget section */
		D71C257516385DB0008E7300 /* NetworkMonitor */ = {
			isa = PBXNativeTarget;
			buildConfigurationList = D71C258516385DB0008E7300 /* Build configuration list for PBXNativeTarget "NetworkMonitor" */;
			buildPhases = (
				D71C257216385DB0008E7300 /* Sources */,
				D71C257316385DB0008E7300 /* Frameworks */,
				D71C257416385DB0008E7300 /* CopyFiles */,
			);
			buildRules = (
			);
			dependencies = (
			);
			name = NetworkMonitor;
			productName = NetworkMonitor;
			productReference = D71C257616385DB0008E7300 /* NetworkMonitor */;
			productType = "com.apple.product-type.tool";
		};
/* End PBXNativeTarget section */

/* Begin PBXProject section */
		D71C256D16385DB0008E7300 /* Project object */ = {
			isa = PBXProject;
			attributes = {
				LastUpgradeCheck = 0450;
				ORGANIZATIONNAME = "Nadine Salter";
			};
			buildConfigurationList = D71C257016385DB0008E7300 /* Build configuration list for PBXProject "NetworkMonitor" */;
			compatibilityVersion = "Xcode 3.2";
			developmentRegion = English;
			hasScannedForEncodings = 0;
			knownRegions = (
				en,
			);
			mainGroup = D71C256B16385DB0008E7300;
			productRefGroup = D71C257716385DB0008E7300 /* Products */;
			projectDirPath = "";
			projectRoot = "";
			targets = (
				D71C257516385DB0008E7300 /* NetworkMonitor */,
			);
		};
/* End PBXProject section */

/* Begin PBXSourcesBuildPhase section */
		D71C257216385DB0008E7300 /* Sources */ = {
			isa = PBXSourcesBuildPhase;
			buildActionMask = 2147483647;
			files = (
				D71C257E16385DB0008E7300 /* main.m in Sources */,
			);
			runOnlyForDeploymentPostprocessing = 0;
		};
/* End PBXSourcesBuildPhase section */

/* Begin XCBuildConfiguration section */
		D71C258316385DB0008E7300 /* Debug */ = {
			isa = XCBuildConfiguration;
			buildSettings = {
				ALWAYS_SEARCH_USER_PATHS = NO;
				ARCHS = "$(ARCHS_STANDARD_64_BIT)";
				CLANG_CXX_LANGUAGE_STANDARD = "gnu++0x";
				CLANG_CXX_LIBRARY = "libc++";
				CLANG_WARN_EMPTY_BODY = YES;
				CLANG_WARN__DUPLICATE_METHOD_MATCH = YES;
				COPY_PHASE_STRIP = NO;
				GCC_C_LANGUAGE_STANDARD = gnu99;
				GCC_DYNAMIC_NO_PIC = NO;
				GCC_ENABLE_OBJC_EXCEPTIONS = YES;
				GCC_OPTIMIZATION_LEVEL = 0;
				GCC_PREPROCESSOR_DEFINITIONS = (
					"DEBUG=1",
					"$(inherited)",
				);
				GCC_SYMBOLS_PRIVATE_EXTERN = NO;
				GCC_WARN_64_TO_32_BIT_CONVERSION = YES;
				GCC_WARN_ABOUT_RETURN_TYPE = YES;
				GCC_WARN_UNINITIALIZED_AUTOS = YES;
				GCC_WARN_UNUSED_VARIABLE = YES;
				MACOSX_DEPLOYMENT_TARGET = 10.8;
				ONLY_ACTIVE_ARCH = YES;
				SDKROOT = macosx;
			};
			name = Debug;
		};
		D71C258416385DB0008E7300 /* Release */ = {
			isa = XCBuildConfiguration;
			buildSettings = {
				ALWAYS_SEARCH_USER_PATHS = NO;
				ARCHS = "$(ARCHS_STANDARD_64_BIT)";
				CLANG_CXX_LANGUAGE_STANDARD = "gnu++0x";
				CLANG_CXX_LIBRARY = "libc++";
				CLANG_WARN_EMPTY_BODY = YES;
				CLANG_WARN__DUPLICATE_METHOD_MATCH = YES;
				COPY_PHASE_STRIP = YES;
				DEBUG_INFORMATION_FORMAT = "dwarf-with-dsym";
				GCC_C_LANGUAGE_STANDARD = gnu99;
				GCC_ENABLE_OBJC_EXCEPTIONS = YES;
				GCC_WARN_64_TO_32_BIT_CONVERSION = YES;
				GCC_WARN_ABOUT_RETURN_TYPE = YES;
				GCC_WARN_UNINITIALIZED_AUTOS = YES;
				GCC_WARN_UNUSED_VARIABLE = YES;
				MACOSX_DEPLOYMENT_TARGET = 10.8;
				SDKROOT = macosx;
			};
			name = Release;
		};
		D71C258616385DB0008E7300 /* Debug */ = {
			isa = XCBuildConfiguration;
			buildSettings = {
				GCC_PRECOMPILE_PREFIX_HEADER = NO;
				PRODUCT_NAME = "$(TARGET_NAME)";
			};
			name = Debug;
		};
		D71C258716385DB0008E7300 /* Release */ = {
			isa = XCBuildConfiguration;
			buildSettings = {
				GCC_PRECOMPILE_PREFIX_HEADER = NO;
				PRODUCT_NAME = "$(TARGET_NAME)";
			};
			name = Release;
		};
/* End XCBuildConfiguration section */

/* Begin XCConfigurationList section */
		D71C257016385DB0008E7300 /* Build configuration list for PBXProject "NetworkMonitor" */ = {
			isa = XCConfigurationList;
			buildConfigurations = (
				D71C258316385DB0008E7300 /* Debug */,
				D71C258416385DB0008E7300 /* Release */,
			);
			defaultConfigurationIsVisible = 0;
			defaultConfigurationName = Release;
		};
		D71C258516385DB0008E7300 /* Build configuration list for PBXNativeTarget "NetworkMonitor" */ = {
			isa = XCConfigurationList;
			buildConfigurations = (
				D71C258616385DB0008E7300 /* Debug */,
				D71C258716385DB0008E7300 /* Release */,
			);
			defaultConfigurationIsVisible = 0;
		};
/* End XCConfigurationList section */
	};
	rootObject = D71C256D16385DB0008E7300 /* Project object */;
}
